
Microsoft Visual Studio Solution File, Format Version 12.00
# Visual Studio 15
VisualStudioVersion = 15.0.27004.2002
MinimumVisualStudioVersion = 10.0.40219.1
Project("{FAE04EC0-301F-11D3-BF4B-00C04F79EFBC}") = "CityApp.Android", "CityApp\CityApp.Android\CityApp.Android.csproj", "{702F0471-7343-4380-96BA-DB32174B6F05}"
EndProject
Project("{FAE04EC0-301F-11D3-BF4B-00C04F79EFBC}") = "CityApp.iOS", "CityApp\CityApp.iOS\CityApp.iOS.csproj", "{5C708322-2694-4638-9FB9-9631B86E556E}"
EndProject
Project("{9A19103F-16F7-4668-BE54-9A1E7A4F7556}") = "CityApp", "CityApp\CityApp\CityApp.csproj", "{3153528C-1CC6-4D85-A34E-FF33945B40BA}"
EndProject
Global
	GlobalSection(SolutionConfigurationPlatforms) = preSolution
		Ad-Hoc|Any CPU = Ad-Hoc|Any CPU
		Ad-Hoc|iPhone = Ad-Hoc|iPhone
		Ad-Hoc|iPhoneSimulator = Ad-Hoc|iPhoneSimulator
		AppStore|Any CPU = AppStore|Any CPU
		AppStore|iPhone = AppStore|iPhone
		AppStore|iPhoneSimulator = AppStore|iPhoneSimulator
		Debug|Any CPU = Debug|Any CPU
		Debug|iPhone = Debug|iPhone
		Debug|iPhoneSimulator = Debug|iPhoneSimulator
		Release|Any CPU = Release|Any CPU
		Release|iPhone = Release|iPhone
		Release|iPhoneSimulator = Release|iPhoneSimulator
	EndGlobalSection
	GlobalSection(ProjectConfigurationPlatforms) = postSolution
		{702F0471-7343-4380-96BA-DB32174B6F05}.Ad-Hoc|Any CPU.ActiveCfg = Release|Any CPU
		{702F0471-7343-4380-96BA-DB32174B6F05}.Ad-Hoc|Any CPU.Build.0 = Release|Any CPU
		{702F0471-7343-4380-96BA-DB32174B6F05}.Ad-Hoc|Any CPU.Deploy.0 = Release|Any CPU
		{702F0471-7343-4380-96BA-DB32174B6F05}.Ad-Hoc|iPhone.ActiveCfg = Release|Any CPU
		{702F0471-7343-4380-96BA-DB32174B6F05}.Ad-Hoc|iPhone.Build.0 = Release|Any CPU
		{702F0471-7343-4380-96BA-DB32174B6F05}.Ad-Hoc|iPhone.Deploy.0 = Release|Any CPU
		{702F0471-7343-4380-96BA-DB32174B6F05}.Ad-Hoc|iPhoneSimulator.ActiveCfg = Release|Any CPU
		{702F0471-7343-4380-96BA-DB32174B6F05}.Ad-Hoc|iPhoneSimulator.Build.0 = Release|Any CPU
		{702F0471-7343-4380-96BA-DB32174B6F05}.Ad-Hoc|iPhoneSimulator.Deploy.0 = Release|Any CPU
		{702F0471-7343-4380-96BA-DB32174B6F05}.AppStore|Any CPU.ActiveCfg = Release|Any CPU
		{702F0471-7343-4380-96BA-DB32174B6F05}.AppStore|Any CPU.Build.0 = Release|Any CPU
		{702F0471-7343-4380-96BA-DB32174B6F05}.AppStore|Any CPU.Deploy.0 = Release|Any CPU
		{702F0471-7343-4380-96BA-DB32174B6F05}.AppStore|iPhone.ActiveCfg = Release|Any CPU
		{702F0471-7343-4380-96BA-DB32174B6F05}.AppStore|iPhone.Build.0 = Release|Any CPU
		{702F0471-7343-4380-96BA-DB32174B6F05}.AppStore|iPhone.Deploy.0 = Release|Any CPU
		{702F0471-7343-4380-96BA-DB32174B6F05}.AppStore|iPhoneSimulator.ActiveCfg = Release|Any CPU
		{702F0471-7343-4380-96BA-DB32174B6F05}.AppStore|iPhoneSimulator.Build.0 = Release|Any CPU
		{702F0471-7343-4380-96BA-DB32174B6F05}.AppStore|iPhoneSimulator.Deploy.0 = Release|Any CPU
		{702F0471-7343-4380-96BA-DB32174B6F05}.Debug|Any CPU.ActiveCfg = Debug|Any CPU
		{702F0471-7343-4380-96BA-DB32174B6F05}.Debug|Any CPU.Build.0 = Debug|Any CPU
		{702F0471-7343-4380-96BA-DB32174B6F05}.Debug|Any CPU.Deploy.0 = Debug|Any CPU
		{702F0471-7343-4380-96BA-DB32174B6F05}.Debug|iPhone.ActiveCfg = Debug|Any CPU
		{702F0471-7343-4380-96BA-DB32174B6F05}.Debug|iPhoneSimulator.ActiveCfg = Debug|Any CPU
		{702F0471-7343-4380-96BA-DB32174B6F05}.Release|Any CPU.ActiveCfg = Release|Any CPU
		{702F0471-7343-4380-96BA-DB32174B6F05}.Release|Any CPU.Build.0 = Release|Any CPU
		{702F0471-7343-4380-96BA-DB32174B6F05}.Release|Any CPU.Deploy.0 = Release|Any CPU
		{702F0471-7343-4380-96BA-DB32174B6F05}.Release|iPhone.ActiveCfg = Release|Any CPU
		{702F0471-7343-4380-96BA-DB32174B6F05}.Release|iPhone.Build.0 = Release|Any CPU
		{702F0471-7343-4380-96BA-DB32174B6F05}.Release|iPhone.Deploy.0 = Release|Any CPU
		{702F0471-7343-4380-96BA-DB32174B6F05}.Release|iPhoneSimulator.ActiveCfg = Release|Any CPU
		{702F0471-7343-4380-96BA-DB32174B6F05}.Release|iPhoneSimulator.Build.0 = Release|Any CPU
		{702F0471-7343-4380-96BA-DB32174B6F05}.Release|iPhoneSimulator.Deploy.0 = Release|Any CPU
		{5C708322-2694-4638-9FB9-9631B86E556E}.Ad-Hoc|Any CPU.ActiveCfg = Ad-Hoc|iPhoneSimulator
		{5C708322-2694-4638-9FB9-9631B86E556E}.Ad-Hoc|iPhone.ActiveCfg = Ad-Hoc|iPhone
		{5C708322-2694-4638-9FB9-9631B86E556E}.Ad-Hoc|iPhone.Build.0 = Ad-Hoc|iPhone
		{5C708322-2694-4638-9FB9-9631B86E556E}.Ad-Hoc|iPhoneSimulator.ActiveCfg = Ad-Hoc|iPhoneSimulator
		{5C708322-2694-4638-9FB9-9631B86E556E}.Ad-Hoc|iPhoneSimulator.Build.0 = Ad-Hoc|iPhoneSimulator
		{5C708322-2694-4638-9FB9-9631B86E556E}.AppStore|Any CPU.ActiveCfg = AppStore|iPhoneSimulator
		{5C708322-2694-4638-9FB9-9631B86E556E}.AppStore|iPhone.ActiveCfg = AppStore|iPhone
		{5C708322-2694-4638-9FB9-9631B86E556E}.AppStore|iPhone.Build.0 = AppStore|iPhone
		{5C708322-2694-4638-9FB9-9631B86E556E}.AppStore|iPhoneSimulator.ActiveCfg = AppStore|iPhoneSimulator
		{5C708322-2694-4638-9FB9-9631B86E556E}.AppStore|iPhoneSimulator.Build.0 = AppStore|iPhoneSimulator
		{5C708322-2694-4638-9FB9-9631B86E556E}.Debug|Any CPU.ActiveCfg = Debug|iPhoneSimulator
		{5C708322-2694-4638-9FB9-9631B86E556E}.Debug|iPhone.ActiveCfg = Debug|iPhone
		{5C708322-2694-4638-9FB9-9631B86E556E}.Debug|iPhone.Build.0 = Debug|iPhone
		{5C708322-2694-4638-9FB9-9631B86E556E}.Debug|iPhoneSimulator.ActiveCfg = Debug|iPhoneSimulator
		{5C708322-2694-4638-9FB9-9631B86E556E}.Debug|iPhoneSimulator.Build.0 = Debug|iPhoneSimulator
		{5C708322-2694-4638-9FB9-9631B86E556E}.Release|Any CPU.ActiveCfg = Release|iPhoneSimulator
		{5C708322-2694-4638-9FB9-9631B86E556E}.Release|iPhone.ActiveCfg = Release|iPhone
		{5C708322-2694-4638-9FB9-9631B86E556E}.Release|iPhone.Build.0 = Release|iPhone
		{5C708322-2694-4638-9FB9-9631B86E556E}.Release|iPhoneSimulator.ActiveCfg = Release|iPhoneSimulator
		{5C708322-2694-4638-9FB9-9631B86E556E}.Release|iPhoneSimulator.Build.0 = Release|iPhoneSimulator
		{3153528C-1CC6-4D85-A34E-FF33945B40BA}.Ad-Hoc|Any CPU.ActiveCfg = Debug|Any CPU
		{3153528C-1CC6-4D85-A34E-FF33945B40BA}.Ad-Hoc|Any CPU.Build.0 = Debug|Any CPU
		{3153528C-1CC6-4D85-A34E-FF33945B40BA}.Ad-Hoc|iPhone.ActiveCfg = Debug|Any CPU
		{3153528C-1CC6-4D85-A34E-FF33945B40BA}.Ad-Hoc|iPhone.Build.0 = Debug|Any CPU
		{3153528C-1CC6-4D85-A34E-FF33945B40BA}.Ad-Hoc|iPhoneSimulator.ActiveCfg = Debug|Any CPU
		{3153528C-1CC6-4D85-A34E-FF33945B40BA}.Ad-Hoc|iPhoneSimulator.Build.0 = Debug|Any CPU
		{3153528C-1CC6-4D85-A34E-FF33945B40BA}.AppStore|Any CPU.ActiveCfg = Debug|Any CPU
		{3153528C-1CC6-4D85-A34E-FF33945B40BA}.AppStore|Any CPU.Build.0 = Debug|Any CPU
		{3153528C-1CC6-4D85-A34E-FF33945B40BA}.AppStore|iPhone.ActiveCfg = Debug|Any CPU
		{3153528C-1CC6-4D85-A34E-FF33945B40BA}.AppStore|iPhone.Build.0 = Debug|Any CPU
		{3153528C-1CC6-4D85-A34E-FF33945B40BA}.AppStore|iPhoneSimulator.ActiveCfg = Debug|Any CPU
		{3153528C-1CC6-4D85-A34E-FF33945B40BA}.AppStore|iPhoneSimulator.Build.0 = Debug|Any CPU
		{3153528C-1CC6-4D85-A34E-FF33945B40BA}.Debug|Any CPU.ActiveCfg = Debug|Any CPU
		{3153528C-1CC6-4D85-A34E-FF33945B40BA}.Debug|Any CPU.Build.0 = Debug|Any CPU
		{3153528C-1CC6-4D85-A34E-FF33945B40BA}.Debug|iPhone.ActiveCfg = Debug|Any CPU
		{3153528C-1CC6-4D85-A34E-FF33945B40BA}.Debug|iPhone.Build.0 = Debug|Any CPU
		{3153528C-1CC6-4D85-A34E-FF33945B40BA}.Debug|iPhoneSimulator.ActiveCfg = Debug|Any CPU
		{3153528C-1CC6-4D85-A34E-FF33945B40BA}.Debug|iPhoneSimulator.Build.0 = Debug|Any CPU
		{3153528C-1CC6-4D85-A34E-FF33945B40BA}.Release|Any CPU.ActiveCfg = Release|Any CPU
		{3153528C-1CC6-4D85-A34E-FF33945B40BA}.Release|Any CPU.Build.0 = Release|Any CPU
		{3153528C-1CC6-4D85-A34E-FF33945B40BA}.Release|iPhone.ActiveCfg = Release|Any CPU
		{3153528C-1CC6-4D85-A34E-FF33945B40BA}.Release|iPhone.Build.0 = Release|Any CPU
		{3153528C-1CC6-4D85-A34E-FF33945B40BA}.Release|iPhoneSimulator.ActiveCfg = Release|Any CPU
		{3153528C-1CC6-4D85-A34E-FF33945B40BA}.Release|iPhoneSimulator.Build.0 = Release|Any CPU
	EndGlobalSection
	GlobalSection(SolutionProperties) = preSolution
		HideSolutionNode = FALSE
	EndGlobalSection
	GlobalSection(ExtensibilityGlobals) = postSolution
		SolutionGuid = {08486073-D6F2-494E-885F-72500DF24640}
	EndGlobalSection
EndGlobal
